
Microsoft Visual Studio Solution File, Format Version 12.00
# Visual Studio Version 17
VisualStudioVersion = 17.11.35208.52
MinimumVisualStudioVersion = 10.0.40219.1
Project("{9A19103F-16F7-4668-BE54-9A1E7A4F7556}") = "Traeger.ComplexParameter", "Traeger.ComplexParameter.csproj", "{135BEDED-DB4C-48D2-BEC9-1777BFF39409}"
EndProject
Project("{FAE04EC0-301F-11D3-BF4B-00C04F79EFBC}") = "Traeger.ComplexParameter.Fail", "..\Traeger.ComplexParameter.Fail\Traeger.ComplexParameter.Fail.csproj", "{AB1467CA-C547-47A0-A72A-75242580D925}"
EndProject
Global
	GlobalSection(SolutionConfigurationPlatforms) = preSolution
		Debug|Any CPU = Debug|Any CPU
		Release|Any CPU = Release|Any CPU
	EndGlobalSection
	GlobalSection(ProjectConfigurationPlatforms) = postSolution
		{135BEDED-DB4C-48D2-BEC9-1777BFF39409}.Debug|Any CPU.ActiveCfg = Debug|Any CPU
		{135BEDED-DB4C-48D2-BEC9-1777BFF39409}.Debug|Any CPU.Build.0 = Debug|Any CPU
		{135BEDED-DB4C-48D2-BEC9-1777BFF39409}.Release|Any CPU.ActiveCfg = Release|Any CPU
		{135BEDED-DB4C-48D2-BEC9-1777BFF39409}.Release|Any CPU.Build.0 = Release|Any CPU
		{AB1467CA-C547-47A0-A72A-75242580D925}.Debug|Any CPU.ActiveCfg = Debug|Any CPU
		{AB1467CA-C547-47A0-A72A-75242580D925}.Debug|Any CPU.Build.0 = Debug|Any CPU
		{AB1467CA-C547-47A0-A72A-75242580D925}.Release|Any CPU.ActiveCfg = Release|Any CPU
		{AB1467CA-C547-47A0-A72A-75242580D925}.Release|Any CPU.Build.0 = Release|Any CPU
	EndGlobalSection
	GlobalSection(SolutionProperties) = preSolution
		HideSolutionNode = FALSE
	EndGlobalSection
	GlobalSection(ExtensibilityGlobals) = postSolution
		SolutionGuid = {CF28D5A3-3FB0-418D-ACA5-34589F064D2E}
	EndGlobalSection
EndGlobal
